{
  "name": "mappie",
  "version": "2.3.0-2.3.1",
  "lockfileVersion": 3,
  "requires": true,
  "packages": {
    "": {
      "name": "mappie",
      "version": "2.3.0-2.3.1",
      "workspaces": [
        "packages\\mappie-mappie-api",
        "packages\\mappie-mappie-api-test",
        "packages\\mappie-modules-kotlinx-collections-immutable",
        "packages\\mappie-modules-kotlinx-collections-immutable-test"
      ],
      "devDependencies": {}
    },
    "node_modules/mappie-mappie-api": {
      "resolved": "packages/mappie-mappie-api",
      "link": true
    },
    "node_modules/mappie-mappie-api-test": {
      "resolved": "packages/mappie-mappie-api-test",
      "link": true
    },
    "node_modules/mappie-modules-kotlinx-collections-immutable": {
      "resolved": "packages/mappie-modules-kotlinx-collections-immutable",
      "link": true
    },
    "node_modules/mappie-modules-kotlinx-collections-immutable-test": {
      "resolved": "packages/mappie-modules-kotlinx-collections-immutable-test",
      "link": true
    },
    "packages/mappie-mappie-api": {
      "version": "2.3.0-2.3.1",
      "devDependencies": {}
    },
    "packages/mappie-mappie-api-test": {
      "version": "2.3.0-2.3.1",
      "devDependencies": {}
    },
    "packages/mappie-modules-kotlinx-collections-immutable": {
      "version": "2.3.0-2.3.1",
      "devDependencies": {}
    },
    "packages/mappie-modules-kotlinx-collections-immutable-test": {
      "version": "2.3.0-2.3.1",
      "devDependencies": {}
    }
  }
}
